
Microsoft Visual Studio Solution File, Format Version 12.00
# Visual Studio Version 17
VisualStudioVersion = 17.9.34728.123
MinimumVisualStudioVersion = 10.0.40219.1
Project("{FAE04EC0-301F-11D3-BF4B-00C04F79EFBC}") = "GerenciadorDePedidos", "GerenciadorDePedidos\GerenciadorDePedidos.csproj", "{2FF0DD1F-9EB5-484F-98F8-D68751C97271}"
EndProject
Project("{FAE04EC0-301F-11D3-BF4B-00C04F79EFBC}") = "ClassesGerenciador", "ClassesGerenciador\ClassesGerenciador.csproj", "{A3CA7D20-CD6A-4968-99A8-D4C11559B0F9}"
EndProject
Global
	GlobalSection(SolutionConfigurationPlatforms) = preSolution
		Debug|Any CPU = Debug|Any CPU
		Release|Any CPU = Release|Any CPU
	EndGlobalSection
	GlobalSection(ProjectConfigurationPlatforms) = postSolution
		{2FF0DD1F-9EB5-484F-98F8-D68751C97271}.Debug|Any CPU.ActiveCfg = Debug|Any CPU
		{2FF0DD1F-9EB5-484F-98F8-D68751C97271}.Debug|Any CPU.Build.0 = Debug|Any CPU
		{2FF0DD1F-9EB5-484F-98F8-D68751C97271}.Release|Any CPU.ActiveCfg = Release|Any CPU
		{2FF0DD1F-9EB5-484F-98F8-D68751C97271}.Release|Any CPU.Build.0 = Release|Any CPU
		{A3CA7D20-CD6A-4968-99A8-D4C11559B0F9}.Debug|Any CPU.ActiveCfg = Debug|Any CPU
		{A3CA7D20-CD6A-4968-99A8-D4C11559B0F9}.Debug|Any CPU.Build.0 = Debug|Any CPU
		{A3CA7D20-CD6A-4968-99A8-D4C11559B0F9}.Release|Any CPU.ActiveCfg = Release|Any CPU
		{A3CA7D20-CD6A-4968-99A8-D4C11559B0F9}.Release|Any CPU.Build.0 = Release|Any CPU
	EndGlobalSection
	GlobalSection(SolutionProperties) = preSolution
		HideSolutionNode = FALSE
	EndGlobalSection
	GlobalSection(ExtensibilityGlobals) = postSolution
		SolutionGuid = {95AF0E75-FA01-47AE-A60B-D9BBCF8F4E5A}
	EndGlobalSection
EndGlobal
